
Microsoft Visual Studio Solution File, Format Version 12.00
# Visual Studio Version 17
VisualStudioVersion = 17.8.34316.72
MinimumVisualStudioVersion = 10.0.40219.1
Project("{FAE04EC0-301F-11D3-BF4B-00C04F79EFBC}") = "ItemStore", "ItemStore\ItemStore.csproj", "{6287B2AD-E86B-4370-9D27-9028BFA79806}"
EndProject
Project("{FAE04EC0-301F-11D3-BF4B-00C04F79EFBC}") = "ItemStoreTest", "ItemStoreTest\ItemStoreTest.csproj", "{36D12FF3-64DA-421A-8579-D649107BCFAA}"
EndProject
Global
	GlobalSection(SolutionConfigurationPlatforms) = preSolution
		Debug|Any CPU = Debug|Any CPU
		Release|Any CPU = Release|Any CPU
	EndGlobalSection
	GlobalSection(ProjectConfigurationPlatforms) = postSolution
		{6287B2AD-E86B-4370-9D27-9028BFA79806}.Debug|Any CPU.ActiveCfg = Debug|Any CPU
		{6287B2AD-E86B-4370-9D27-9028BFA79806}.Debug|Any CPU.Build.0 = Debug|Any CPU
		{6287B2AD-E86B-4370-9D27-9028BFA79806}.Release|Any CPU.ActiveCfg = Release|Any CPU
		{6287B2AD-E86B-4370-9D27-9028BFA79806}.Release|Any CPU.Build.0 = Release|Any CPU
		{36D12FF3-64DA-421A-8579-D649107BCFAA}.Debug|Any CPU.ActiveCfg = Debug|Any CPU
		{36D12FF3-64DA-421A-8579-D649107BCFAA}.Debug|Any CPU.Build.0 = Debug|Any CPU
		{36D12FF3-64DA-421A-8579-D649107BCFAA}.Release|Any CPU.ActiveCfg = Release|Any CPU
		{36D12FF3-64DA-421A-8579-D649107BCFAA}.Release|Any CPU.Build.0 = Release|Any CPU
	EndGlobalSection
	GlobalSection(SolutionProperties) = preSolution
		HideSolutionNode = FALSE
	EndGlobalSection
	GlobalSection(ExtensibilityGlobals) = postSolution
		SolutionGuid = {6D41BC82-D417-4249-A01C-BF564BE1F335}
	EndGlobalSection
EndGlobal
